
Microsoft Visual Studio Solution File, Format Version 12.00
# Visual Studio Version 17
VisualStudioVersion = 17.4.32804.182
MinimumVisualStudioVersion = 15.0.26124.0
Project("{9A19103F-16F7-4668-BE54-9A1E7A4F7556}") = "VisNetwork.Blazor", "src\VisNetwork.Blazor\VisNetwork.Blazor.csproj", "{447C836A-E731-4D51-B18A-A175D9859D9B}"
EndProject
Project("{9A19103F-16F7-4668-BE54-9A1E7A4F7556}") = "VisNetwork.Blazor.Tests", "tests\VisNetwork.Blazor.Tests\VisNetwork.Blazor.Tests.csproj", "{003DC19C-CA50-48FD-B9DA-94CD938F2C4E}"
EndProject
Project("{2150E333-8FDC-42A3-9474-1A3956D46DE8}") = "01_SolutionItems", "01_SolutionItems", "{3CBCABCF-0147-48CD-A75C-F1FE45CF00AC}"
	ProjectSection(SolutionItems) = preProject
		.editorconfig = .editorconfig
		.gitignore = .gitignore
		Directory.Build.props = Directory.Build.props
		global.json = global.json
		README.md = README.md
	EndProjectSection
EndProject
Project("{2150E333-8FDC-42A3-9474-1A3956D46DE8}") = "workflows", "workflows", "{CE1441A6-B946-47B2-A3FA-207FDCD80645}"
	ProjectSection(SolutionItems) = preProject
		.github\workflows\azure-static-web-apps-salmon-dune-0701e470f.yml = .github\workflows\azure-static-web-apps-salmon-dune-0701e470f.yml
		.github\workflows\codeql-analysis.yml = .github\workflows\codeql-analysis.yml
		.github\workflows\docs.yml = .github\workflows\docs.yml
		.github\workflows\publish.yml = .github\workflows\publish.yml
	EndProjectSection
EndProject
Project("{9A19103F-16F7-4668-BE54-9A1E7A4F7556}") = "VisNetwork.Blazor.UITests", "tests\VisNetwork.Blazor.UITests\VisNetwork.Blazor.UITests.csproj", "{64BA44BA-AC41-4F67-A166-C0479B5AADBA}"
EndProject
Project("{FAE04EC0-301F-11D3-BF4B-00C04F79EFBC}") = "VisNetwork.Blazor.Server", "sample\VisNetwork.Blazor.Server\VisNetwork.Blazor.Server.csproj", "{B136DB0F-8E08-4C7F-BCE5-587C2556462D}"
EndProject
Project("{FAE04EC0-301F-11D3-BF4B-00C04F79EFBC}") = "VisNetwork.Blazor.Wasm", "sample\VisNetwork.Blazor.Wasm\VisNetwork.Blazor.Wasm.csproj", "{FE08B2E4-C0C6-4E95-B007-5B87CD48EF32}"
EndProject
Project("{FAE04EC0-301F-11D3-BF4B-00C04F79EFBC}") = "VisNetwork.Blazor.SharedComponents", "sample\VisNetwork.Blazor.SharedComponents\VisNetwork.Blazor.SharedComponents.csproj", "{42B92FFF-5323-457E-97EE-69B2B9ED82B1}"
EndProject
Project("{2150E333-8FDC-42A3-9474-1A3956D46DE8}") = "Sample", "Sample", "{CEB78B5A-F56E-4E7B-9E67-D5E670EC7418}"
EndProject
Global
	GlobalSection(SolutionConfigurationPlatforms) = preSolution
		Debug|Any CPU = Debug|Any CPU
		Debug|x64 = Debug|x64
		Debug|x86 = Debug|x86
		Release|Any CPU = Release|Any CPU
		Release|x64 = Release|x64
		Release|x86 = Release|x86
	EndGlobalSection
	GlobalSection(ProjectConfigurationPlatforms) = postSolution
		{447C836A-E731-4D51-B18A-A175D9859D9B}.Debug|Any CPU.ActiveCfg = Debug|Any CPU
		{447C836A-E731-4D51-B18A-A175D9859D9B}.Debug|Any CPU.Build.0 = Debug|Any CPU
		{447C836A-E731-4D51-B18A-A175D9859D9B}.Debug|x64.ActiveCfg = Debug|Any CPU
		{447C836A-E731-4D51-B18A-A175D9859D9B}.Debug|x64.Build.0 = Debug|Any CPU
		{447C836A-E731-4D51-B18A-A175D9859D9B}.Debug|x86.ActiveCfg = Debug|Any CPU
		{447C836A-E731-4D51-B18A-A175D9859D9B}.Debug|x86.Build.0 = Debug|Any CPU
		{447C836A-E731-4D51-B18A-A175D9859D9B}.Release|Any CPU.ActiveCfg = Release|Any CPU
		{447C836A-E731-4D51-B18A-A175D9859D9B}.Release|Any CPU.Build.0 = Release|Any CPU
		{447C836A-E731-4D51-B18A-A175D9859D9B}.Release|x64.ActiveCfg = Release|Any CPU
		{447C836A-E731-4D51-B18A-A175D9859D9B}.Release|x64.Build.0 = Release|Any CPU
		{447C836A-E731-4D51-B18A-A175D9859D9B}.Release|x86.ActiveCfg = Release|Any CPU
		{447C836A-E731-4D51-B18A-A175D9859D9B}.Release|x86.Build.0 = Release|Any CPU
		{003DC19C-CA50-48FD-B9DA-94CD938F2C4E}.Debug|Any CPU.ActiveCfg = Debug|Any CPU
		{003DC19C-CA50-48FD-B9DA-94CD938F2C4E}.Debug|Any CPU.Build.0 = Debug|Any CPU
		{003DC19C-CA50-48FD-B9DA-94CD938F2C4E}.Debug|x64.ActiveCfg = Debug|Any CPU
		{003DC19C-CA50-48FD-B9DA-94CD938F2C4E}.Debug|x64.Build.0 = Debug|Any CPU
		{003DC19C-CA50-48FD-B9DA-94CD938F2C4E}.Debug|x86.ActiveCfg = Debug|Any CPU
		{003DC19C-CA50-48FD-B9DA-94CD938F2C4E}.Debug|x86.Build.0 = Debug|Any CPU
		{003DC19C-CA50-48FD-B9DA-94CD938F2C4E}.Release|Any CPU.ActiveCfg = Release|Any CPU
		{003DC19C-CA50-48FD-B9DA-94CD938F2C4E}.Release|Any CPU.Build.0 = Release|Any CPU
		{003DC19C-CA50-48FD-B9DA-94CD938F2C4E}.Release|x64.ActiveCfg = Release|Any CPU
		{003DC19C-CA50-48FD-B9DA-94CD938F2C4E}.Release|x64.Build.0 = Release|Any CPU
		{003DC19C-CA50-48FD-B9DA-94CD938F2C4E}.Release|x86.ActiveCfg = Release|Any CPU
		{003DC19C-CA50-48FD-B9DA-94CD938F2C4E}.Release|x86.Build.0 = Release|Any CPU
		{64BA44BA-AC41-4F67-A166-C0479B5AADBA}.Debug|Any CPU.ActiveCfg = Debug|Any CPU
		{64BA44BA-AC41-4F67-A166-C0479B5AADBA}.Debug|Any CPU.Build.0 = Debug|Any CPU
		{64BA44BA-AC41-4F67-A166-C0479B5AADBA}.Debug|x64.ActiveCfg = Debug|Any CPU
		{64BA44BA-AC41-4F67-A166-C0479B5AADBA}.Debug|x64.Build.0 = Debug|Any CPU
		{64BA44BA-AC41-4F67-A166-C0479B5AADBA}.Debug|x86.ActiveCfg = Debug|Any CPU
		{64BA44BA-AC41-4F67-A166-C0479B5AADBA}.Debug|x86.Build.0 = Debug|Any CPU
		{64BA44BA-AC41-4F67-A166-C0479B5AADBA}.Release|Any CPU.ActiveCfg = Release|Any CPU
		{64BA44BA-AC41-4F67-A166-C0479B5AADBA}.Release|Any CPU.Build.0 = Release|Any CPU
		{64BA44BA-AC41-4F67-A166-C0479B5AADBA}.Release|x64.ActiveCfg = Release|Any CPU
		{64BA44BA-AC41-4F67-A166-C0479B5AADBA}.Release|x64.Build.0 = Release|Any CPU
		{64BA44BA-AC41-4F67-A166-C0479B5AADBA}.Release|x86.ActiveCfg = Release|Any CPU
		{64BA44BA-AC41-4F67-A166-C0479B5AADBA}.Release|x86.Build.0 = Release|Any CPU
		{B136DB0F-8E08-4C7F-BCE5-587C2556462D}.Debug|Any CPU.ActiveCfg = Debug|Any CPU
		{B136DB0F-8E08-4C7F-BCE5-587C2556462D}.Debug|Any CPU.Build.0 = Debug|Any CPU
		{B136DB0F-8E08-4C7F-BCE5-587C2556462D}.Debug|x64.ActiveCfg = Debug|Any CPU
		{B136DB0F-8E08-4C7F-BCE5-587C2556462D}.Debug|x64.Build.0 = Debug|Any CPU
		{B136DB0F-8E08-4C7F-BCE5-587C2556462D}.Debug|x86.ActiveCfg = Debug|Any CPU
		{B136DB0F-8E08-4C7F-BCE5-587C2556462D}.Debug|x86.Build.0 = Debug|Any CPU
		{B136DB0F-8E08-4C7F-BCE5-587C2556462D}.Release|Any CPU.ActiveCfg = Release|Any CPU
		{B136DB0F-8E08-4C7F-BCE5-587C2556462D}.Release|Any CPU.Build.0 = Release|Any CPU
		{B136DB0F-8E08-4C7F-BCE5-587C2556462D}.Release|x64.ActiveCfg = Release|Any CPU
		{B136DB0F-8E08-4C7F-BCE5-587C2556462D}.Release|x64.Build.0 = Release|Any CPU
		{B136DB0F-8E08-4C7F-BCE5-587C2556462D}.Release|x86.ActiveCfg = Release|Any CPU
		{B136DB0F-8E08-4C7F-BCE5-587C2556462D}.Release|x86.Build.0 = Release|Any CPU
		{FE08B2E4-C0C6-4E95-B007-5B87CD48EF32}.Debug|Any CPU.ActiveCfg = Debug|Any CPU
		{FE08B2E4-C0C6-4E95-B007-5B87CD48EF32}.Debug|Any CPU.Build.0 = Debug|Any CPU
		{FE08B2E4-C0C6-4E95-B007-5B87CD48EF32}.Debug|x64.ActiveCfg = Debug|Any CPU
		{FE08B2E4-C0C6-4E95-B007-5B87CD48EF32}.Debug|x64.Build.0 = Debug|Any CPU
		{FE08B2E4-C0C6-4E95-B007-5B87CD48EF32}.Debug|x86.ActiveCfg = Debug|Any CPU
		{FE08B2E4-C0C6-4E95-B007-5B87CD48EF32}.Debug|x86.Build.0 = Debug|Any CPU
		{FE08B2E4-C0C6-4E95-B007-5B87CD48EF32}.Release|Any CPU.ActiveCfg = Release|Any CPU
		{FE08B2E4-C0C6-4E95-B007-5B87CD48EF32}.Release|Any CPU.Build.0 = Release|Any CPU
		{FE08B2E4-C0C6-4E95-B007-5B87CD48EF32}.Release|x64.ActiveCfg = Release|Any CPU
		{FE08B2E4-C0C6-4E95-B007-5B87CD48EF32}.Release|x64.Build.0 = Release|Any CPU
		{FE08B2E4-C0C6-4E95-B007-5B87CD48EF32}.Release|x86.ActiveCfg = Release|Any CPU
		{FE08B2E4-C0C6-4E95-B007-5B87CD48EF32}.Release|x86.Build.0 = Release|Any CPU
		{42B92FFF-5323-457E-97EE-69B2B9ED82B1}.Debug|Any CPU.ActiveCfg = Debug|Any CPU
		{42B92FFF-5323-457E-97EE-69B2B9ED82B1}.Debug|Any CPU.Build.0 = Debug|Any CPU
		{42B92FFF-5323-457E-97EE-69B2B9ED82B1}.Debug|x64.ActiveCfg = Debug|Any CPU
		{42B92FFF-5323-457E-97EE-69B2B9ED82B1}.Debug|x64.Build.0 = Debug|Any CPU
		{42B92FFF-5323-457E-97EE-69B2B9ED82B1}.Debug|x86.ActiveCfg = Debug|Any CPU
		{42B92FFF-5323-457E-97EE-69B2B9ED82B1}.Debug|x86.Build.0 = Debug|Any CPU
		{42B92FFF-5323-457E-97EE-69B2B9ED82B1}.Release|Any CPU.ActiveCfg = Release|Any CPU
		{42B92FFF-5323-457E-97EE-69B2B9ED82B1}.Release|Any CPU.Build.0 = Release|Any CPU
		{42B92FFF-5323-457E-97EE-69B2B9ED82B1}.Release|x64.ActiveCfg = Release|Any CPU
		{42B92FFF-5323-457E-97EE-69B2B9ED82B1}.Release|x64.Build.0 = Release|Any CPU
		{42B92FFF-5323-457E-97EE-69B2B9ED82B1}.Release|x86.ActiveCfg = Release|Any CPU
		{42B92FFF-5323-457E-97EE-69B2B9ED82B1}.Release|x86.Build.0 = Release|Any CPU
	EndGlobalSection
	GlobalSection(SolutionProperties) = preSolution
		HideSolutionNode = FALSE
	EndGlobalSection
	GlobalSection(NestedProjects) = preSolution
		{CE1441A6-B946-47B2-A3FA-207FDCD80645} = {3CBCABCF-0147-48CD-A75C-F1FE45CF00AC}
		{B136DB0F-8E08-4C7F-BCE5-587C2556462D} = {CEB78B5A-F56E-4E7B-9E67-D5E670EC7418}
		{FE08B2E4-C0C6-4E95-B007-5B87CD48EF32} = {CEB78B5A-F56E-4E7B-9E67-D5E670EC7418}
		{42B92FFF-5323-457E-97EE-69B2B9ED82B1} = {CEB78B5A-F56E-4E7B-9E67-D5E670EC7418}
	EndGlobalSection
	GlobalSection(ExtensibilityGlobals) = postSolution
		SolutionGuid = {202F8EA3-FC74-4C3D-9DCA-B624622BC3D4}
	EndGlobalSection
EndGlobal
